
Microsoft Visual Studio Solution File, Format Version 12.00
# Visual Studio 14
VisualStudioVersion = 14.0.25123.0
MinimumVisualStudioVersion = 10.0.40219.1
Project("{FAE04EC0-301F-11D3-BF4B-00C04F79EFBC}") = "Maximus", "Maximus\Maximus.csproj", "{80EFA5E8-A797-43B4-AC65-CA07294D8E8F}"
EndProject
Global
	GlobalSection(SolutionConfigurationPlatforms) = preSolution
		Debug|ARM = Debug|ARM
		Debug|x64 = Debug|x64
		Debug|x86 = Debug|x86
		Release|ARM = Release|ARM
		Release|x64 = Release|x64
		Release|x86 = Release|x86
	EndGlobalSection
	GlobalSection(ProjectConfigurationPlatforms) = postSolution
		{80EFA5E8-A797-43B4-AC65-CA07294D8E8F}.Debug|ARM.ActiveCfg = Debug|ARM
		{80EFA5E8-A797-43B4-AC65-CA07294D8E8F}.Debug|ARM.Build.0 = Debug|ARM
		{80EFA5E8-A797-43B4-AC65-CA07294D8E8F}.Debug|ARM.Deploy.0 = Debug|ARM
		{80EFA5E8-A797-43B4-AC65-CA07294D8E8F}.Debug|x64.ActiveCfg = Debug|x64
		{80EFA5E8-A797-43B4-AC65-CA07294D8E8F}.Debug|x64.Build.0 = Debug|x64
		{80EFA5E8-A797-43B4-AC65-CA07294D8E8F}.Debug|x64.Deploy.0 = Debug|x64
		{80EFA5E8-A797-43B4-AC65-CA07294D8E8F}.Debug|x86.ActiveCfg = Debug|x86
		{80EFA5E8-A797-43B4-AC65-CA07294D8E8F}.Debug|x86.Build.0 = Debug|x86
		{80EFA5E8-A797-43B4-AC65-CA07294D8E8F}.Debug|x86.Deploy.0 = Debug|x86
		{80EFA5E8-A797-43B4-AC65-CA07294D8E8F}.Release|ARM.ActiveCfg = Release|ARM
		{80EFA5E8-A797-43B4-AC65-CA07294D8E8F}.Release|ARM.Build.0 = Release|ARM
		{80EFA5E8-A797-43B4-AC65-CA07294D8E8F}.Release|ARM.Deploy.0 = Release|ARM
		{80EFA5E8-A797-43B4-AC65-CA07294D8E8F}.Release|x64.ActiveCfg = Release|x64
		{80EFA5E8-A797-43B4-AC65-CA07294D8E8F}.Release|x64.Build.0 = Release|x64
		{80EFA5E8-A797-43B4-AC65-CA07294D8E8F}.Release|x64.Deploy.0 = Release|x64
		{80EFA5E8-A797-43B4-AC65-CA07294D8E8F}.Release|x86.ActiveCfg = Release|x86
		{80EFA5E8-A797-43B4-AC65-CA07294D8E8F}.Release|x86.Build.0 = Release|x86
		{80EFA5E8-A797-43B4-AC65-CA07294D8E8F}.Release|x86.Deploy.0 = Release|x86
	EndGlobalSection
	GlobalSection(SolutionProperties) = preSolution
		HideSolutionNode = FALSE
	EndGlobalSection
EndGlobal
